
Microsoft Visual Studio Solution File, Format Version 12.00
# Visual Studio Version 17
VisualStudioVersion = 17.5.33516.290
MinimumVisualStudioVersion = 10.0.40219.1
Project("{9A19103F-16F7-4668-BE54-9A1E7A4F7556}") = "dnd-infra", "Infra\dnd-infra.csproj", "{C2CF5088-A178-4983-9C7F-A1E4532FD32C}"
EndProject
Project("{9A19103F-16F7-4668-BE54-9A1E7A4F7556}") = "dnd-web", "Web\dnd-web.csproj", "{06E9A54D-972A-4760-9DB0-8A72D9597C11}"
EndProject
Project("{FAE04EC0-301F-11D3-BF4B-00C04F79EFBC}") = "dnd-domain", "Domain\dnd-domain\dnd-domain.csproj", "{666A4EA0-2764-4677-A8C0-4C55A3383E6D}"
EndProject
Global
	GlobalSection(SolutionConfigurationPlatforms) = preSolution
		Debug|Any CPU = Debug|Any CPU
		Release|Any CPU = Release|Any CPU
	EndGlobalSection
	GlobalSection(ProjectConfigurationPlatforms) = postSolution
		{C2CF5088-A178-4983-9C7F-A1E4532FD32C}.Debug|Any CPU.ActiveCfg = Debug|Any CPU
		{C2CF5088-A178-4983-9C7F-A1E4532FD32C}.Debug|Any CPU.Build.0 = Debug|Any CPU
		{C2CF5088-A178-4983-9C7F-A1E4532FD32C}.Release|Any CPU.ActiveCfg = Release|Any CPU
		{C2CF5088-A178-4983-9C7F-A1E4532FD32C}.Release|Any CPU.Build.0 = Release|Any CPU
		{06E9A54D-972A-4760-9DB0-8A72D9597C11}.Debug|Any CPU.ActiveCfg = Debug|Any CPU
		{06E9A54D-972A-4760-9DB0-8A72D9597C11}.Debug|Any CPU.Build.0 = Debug|Any CPU
		{06E9A54D-972A-4760-9DB0-8A72D9597C11}.Release|Any CPU.ActiveCfg = Release|Any CPU
		{06E9A54D-972A-4760-9DB0-8A72D9597C11}.Release|Any CPU.Build.0 = Release|Any CPU
		{666A4EA0-2764-4677-A8C0-4C55A3383E6D}.Debug|Any CPU.ActiveCfg = Debug|Any CPU
		{666A4EA0-2764-4677-A8C0-4C55A3383E6D}.Debug|Any CPU.Build.0 = Debug|Any CPU
		{666A4EA0-2764-4677-A8C0-4C55A3383E6D}.Release|Any CPU.ActiveCfg = Release|Any CPU
		{666A4EA0-2764-4677-A8C0-4C55A3383E6D}.Release|Any CPU.Build.0 = Release|Any CPU
	EndGlobalSection
	GlobalSection(SolutionProperties) = preSolution
		HideSolutionNode = FALSE
	EndGlobalSection
	GlobalSection(ExtensibilityGlobals) = postSolution
		SolutionGuid = {9699A28F-997C-49B2-A40D-81475334D0F1}
	EndGlobalSection
EndGlobal
